{
  "lockfileVersion": 1,
  "configVersion": 1,
  "workspaces": {
    "": {
      "name": "js-toolchain-proto",
      "dependencies": {
        "acorn": "8.11.3",
        "acorn-walk": "8.3.2",
      },
    },
  },
  "packages": {
    "acorn": ["acorn@8.11.3", "", { "bin": { "acorn": "bin/acorn" } }, "sha512-Y9rRfJG5jcKOE0CLisYbojUjIrIEE7AGMzA/Sm4BslANhbS+cDMpgBdcPT91oJ7OuJ9hYJBx59RjbhxVnrF8Xg=="],

    "acorn-walk": ["acorn-walk@8.3.2", "", {}, "sha512-cjkyv4OtNCIeqhHrfS81QWXoCBPExR/J62oyEqepVw8WaQeSqpW2uhuLPh1m9eWhDuOo/jUXVTlifvesOWp/4A=="],
  }
}
